convert:
  cmd: python -m spacy run convert
  script:
    - python scripts/convert.py en assets/docs_issues_training.jsonl corpus/train.spacy
    - python scripts/convert.py en assets/docs_issues_eval.jsonl corpus/dev.spacy
  deps:
    - path: assets/docs_issues_training.jsonl
      md5: 0483964180f039843a6959622ea9f1cc
    - path: assets/docs_issues_eval.jsonl
      md5: bf73b2bfef415815b2f1284848fc3308
    - path: scripts/convert.py
      md5: 1a47c8697b002802957fdd0c5c0bfa45
  outs:
    - path: corpus/train.spacy
      md5: d5d8d4f725f6a973449fb293855ddac3
    - path: corpus/dev.spacy
      md5: a0cfe05230bd0a98c0a449d80fa1f89b
  spacy_version: 3.1.3
  spacy_git_version: 8bda39f08
train:
  cmd: python -m spacy run train
  script:
    - python -m spacy train configs/config.cfg --output training/ --paths.train corpus/train.spacy
      --paths.dev corpus/dev.spacy --nlp.lang en --gpu-id -1
  deps:
    - path: configs/config.cfg
      md5: df5be6329ad3f821562e88c6df9180a3
    - path: corpus/train.spacy
      md5: d5d8d4f725f6a973449fb293855ddac3
    - path: corpus/dev.spacy
      md5: a0cfe05230bd0a98c0a449d80fa1f89b
  outs:
    - path: training/model-best
      md5: 17830f559adf0bcc4a91951ea303b600
  spacy_version: 3.1.3
  spacy_git_version: 8bda39f08
evaluate:
  cmd: python -m spacy run evaluate
  script:
    - python -m spacy evaluate training/model-best corpus/dev.spacy --output training/metrics.json
  deps:
    - path: corpus/dev.spacy
      md5: a0cfe05230bd0a98c0a449d80fa1f89b
    - path: training/model-best
      md5: 17830f559adf0bcc4a91951ea303b600
  outs:
    - path: training/metrics.json
      md5: 95ea74675129175ae41071745ff006d0
  spacy_version: 3.1.3
  spacy_git_version: 8bda39f08
package:
  cmd: python -m spacy run package
  script:
    - python -m spacy package training/model-best packages --name textcat_demo --version
      0.0.0 --force
  deps:
    - path: training/model-best
      md5: 17830f559adf0bcc4a91951ea303b600
  outs:
    - path: packages/en_textcat_demo-0.0.0/dist/en_textcat_demo-0.0.0.tar.gz
      md5: 705996d5be143df52df38af31998c427
  spacy_version: 3.1.3
  spacy_git_version: 8bda39f08
